// !$*UTF8*$!
{
	archiveVersion = 1;
	classes = {
	};
	objectVersion = 50;
	objects = {

/* Begin PBXBuildFile section */
		03492E233E87CF875F18A73751A08A1A /* NonEmpty+BidirectionalCollection.swift in Sources */ = {isa = PBXBuildFile; fileRef = 293F7634BE595A09C97421EF859C6878 /* NonEmpty+BidirectionalCollection.swift */; };
		034EC846BF6577816B1EE0BEDAFD8A58 /* NonEmpty.swift in Sources */ = {isa = PBXBuildFile; fileRef = E17CD96C6D3EE9CA72FC0BE45C923079 /* NonEmpty.swift */; };
		035F78C31637C67DEA89526F973FFC75 /* NonEmpty.swift in Sources */ = {isa = PBXBuildFile; fileRef = E17CD96C6D3EE9CA72FC0BE45C923079 /* NonEmpty.swift */; };
		08B076F76F3BD9824C7D90137F5FA2A0 /* NonEmpty+BidirectionalCollection.swift in Sources */ = {isa = PBXBuildFile; fileRef = 293F7634BE595A09C97421EF859C6878 /* NonEmpty+BidirectionalCollection.swift */; };
		12BF3FBEFFBD8DB0E4005BBAB6E687EF /* NonEmpty+Dictionary.swift in Sources */ = {isa = PBXBuildFile; fileRef = 0EDAFECDD6511B1B6031D1CEE802DE97 /* NonEmpty+Dictionary.swift */; };
		1B254780D0FB1BDE9D1E8D5DCC16271A /* NonEmpty+MutableCollection.swift in Sources */ = {isa = PBXBuildFile; fileRef = 874DAACE5B32CF98E73BED16F713AA91 /* NonEmpty+MutableCollection.swift */; };
		1BCE61567CA894585FD4F690FFA16D19 /* NonEmpty+String.swift in Sources */ = {isa = PBXBuildFile; fileRef = 01DBD6A544D9C082A95DD34A175D09BB /* NonEmpty+String.swift */; };
		214C4642A6D68BC015BBEF40DF15966B /* NonEmpty+RangeReplaceableCollection.swift in Sources */ = {isa = PBXBuildFile; fileRef = 63EB403016DD561CFA69BBC95C757C11 /* NonEmpty+RangeReplaceableCollection.swift */; };
		21FFE243E225326DE59982751BD0997D /* NonEmpty+RangeReplaceableCollection.swift in Sources */ = {isa = PBXBuildFile; fileRef = 63EB403016DD561CFA69BBC95C757C11 /* NonEmpty+RangeReplaceableCollection.swift */; };
		23EDB6DDBE4DD03125BC61B08FF65135 /* NonEmpty+RandomAccessCollection.swift in Sources */ = {isa = PBXBuildFile; fileRef = C2E8DDD1B9D40468720816AAED0631E1 /* NonEmpty+RandomAccessCollection.swift */; };
		2EA75831AABAA264D5D91C9D8D9DAA53 /* NonEmpty.framework in Frameworks */ = {isa = PBXBuildFile; fileRef = FD420CD63D4B41E49CDFF040BF5D2A3D /* NonEmpty.framework */; };
		2F82DC7C31A925C3BAAD1C1B202521EB /* NonEmpty+Random.swift in Sources */ = {isa = PBXBuildFile; fileRef = 5602B2E6B774E4681C0E098BD9433FAB /* NonEmpty+Random.swift */; };
		30AE18A73E630FCBECC51634045A7ACC /* NonEmpty+String.swift in Sources */ = {isa = PBXBuildFile; fileRef = 01DBD6A544D9C082A95DD34A175D09BB /* NonEmpty+String.swift */; };
		3577D446BEBF4774E034F2789CFF7503 /* NonEmpty+Collection.swift in Sources */ = {isa = PBXBuildFile; fileRef = 4053EAC3D54AFBB4C32A4C823536D7E3 /* NonEmpty+Collection.swift */; };
		3BF8AF2E538B5528BBD112CBBFBEFE3A /* NonEmpty+SetAlgebra.swift in Sources */ = {isa = PBXBuildFile; fileRef = BCD99DB04B9AED0E487F3D3EB0DFBDDB /* NonEmpty+SetAlgebra.swift */; };
		409DF93528C4C64FAF2F19334E1789A6 /* NonEmpty+Collection.swift in Sources */ = {isa = PBXBuildFile; fileRef = 4053EAC3D54AFBB4C32A4C823536D7E3 /* NonEmpty+Collection.swift */; };
		41AC3516C2C6981E3296196FF2D65EB4 /* NonEmpty+Dictionary.swift in Sources */ = {isa = PBXBuildFile; fileRef = 0EDAFECDD6511B1B6031D1CEE802DE97 /* NonEmpty+Dictionary.swift */; };
		4479847F2473CCAEAF0B7F57A0AA0679 /* NonEmpty+MutableCollection.swift in Sources */ = {isa = PBXBuildFile; fileRef = 874DAACE5B32CF98E73BED16F713AA91 /* NonEmpty+MutableCollection.swift */; };
		4CC3238E7600F7FE2BA5FB57801EA40C /* NonEmptyTests.swift in Sources */ = {isa = PBXBuildFile; fileRef = F76A005980324204A416C5A14B9695D4 /* NonEmptyTests.swift */; };
		4F7E19BF09B931D748AF62EAE3A3BBE1 /* NonEmpty.framework in Frameworks */ = {isa = PBXBuildFile; fileRef = A706D1B46C8747FA33F28F9C3A7BA926 /* NonEmpty.framework */; };
		52D15BB36C999679C1459F282F705CF2 /* NonEmpty+Array.swift in Sources */ = {isa = PBXBuildFile; fileRef = 6CDE242E4B6354974EAB6D45F32EB235 /* NonEmpty+Array.swift */; };
		534C947E02D80E8095534AE527E8F757 /* NonEmpty.framework in Embed Frameworks */ = {isa = PBXBuildFile; fileRef = FD420CD63D4B41E49CDFF040BF5D2A3D /* NonEmpty.framework */; settings = {ATTRIBUTES = (CodeSignOnCopy, RemoveHeadersOnCopy, ); }; };
		59BD06F3FB7395B413A9C1CF3C27F205 /* NonEmpty+Comparable.swift in Sources */ = {isa = PBXBuildFile; fileRef = 0D4B78614551BEE8563E18332B934AC4 /* NonEmpty+Comparable.swift */; };
		5F475CEAE755FAF7FA4488DDBF8A552A /* NonEmpty.framework in Frameworks */ = {isa = PBXBuildFile; fileRef = 747A38527574919B1B0C223E3E17B10E /* NonEmpty.framework */; };
		60A9977355812CFE5BAF7A321CB6869C /* NonEmpty+BidirectionalCollection.swift in Sources */ = {isa = PBXBuildFile; fileRef = 293F7634BE595A09C97421EF859C6878 /* NonEmpty+BidirectionalCollection.swift */; };
		611D830875076993DC3B1F5345BF48FC /* NonEmpty+SetAlgebra.swift in Sources */ = {isa = PBXBuildFile; fileRef = BCD99DB04B9AED0E487F3D3EB0DFBDDB /* NonEmpty+SetAlgebra.swift */; };
		68C0DAEDC764C243DC09B4A20813E3E8 /* NonEmpty+Random.swift in Sources */ = {isa = PBXBuildFile; fileRef = 5602B2E6B774E4681C0E098BD9433FAB /* NonEmpty+Random.swift */; };
		6EC97B70A8F09650ADD42261C711B825 /* NonEmptyTests.swift in Sources */ = {isa = PBXBuildFile; fileRef = F76A005980324204A416C5A14B9695D4 /* NonEmptyTests.swift */; };
		7023E86B3ABAFC8B794EF64D1EE0DF1C /* NonEmptyTests.swift in Sources */ = {isa = PBXBuildFile; fileRef = F76A005980324204A416C5A14B9695D4 /* NonEmptyTests.swift */; };
		71E5F19DFE59225EE87819868FB93BEE /* NonEmpty+SetAlgebra.swift in Sources */ = {isa = PBXBuildFile; fileRef = BCD99DB04B9AED0E487F3D3EB0DFBDDB /* NonEmpty+SetAlgebra.swift */; };
		77A2453E615CE19C411A30783D0C2342 /* NonEmpty+Collection.swift in Sources */ = {isa = PBXBuildFile; fileRef = 4053EAC3D54AFBB4C32A4C823536D7E3 /* NonEmpty+Collection.swift */; };
		82CEA721411F3F773E17D0699B1867E3 /* NonEmpty+RangeReplaceableCollection.swift in Sources */ = {isa = PBXBuildFile; fileRef = 63EB403016DD561CFA69BBC95C757C11 /* NonEmpty+RangeReplaceableCollection.swift */; };
		8548790019859E39D6E90B1652E9D65A /* NonEmpty.framework in Frameworks */ = {isa = PBXBuildFile; fileRef = 33C10E2B7E3C8830372F5E32CF5F4C61 /* NonEmpty.framework */; };
		87B33160B2F705B622915F93214386F9 /* NonEmpty.framework in Embed Frameworks */ = {isa = PBXBuildFile; fileRef = 33C10E2B7E3C8830372F5E32CF5F4C61 /* NonEmpty.framework */; settings = {ATTRIBUTES = (CodeSignOnCopy, RemoveHeadersOnCopy, ); }; };
		87B7797970EFAFDE3D71E50E2127ED51 /* NonEmpty.framework in Embed Frameworks */ = {isa = PBXBuildFile; fileRef = 747A38527574919B1B0C223E3E17B10E /* NonEmpty.framework */; settings = {ATTRIBUTES = (CodeSignOnCopy, RemoveHeadersOnCopy, ); }; };
		88EB7BD3391CB7F7455C6E69C967399D /* NonEmpty+Comparable.swift in Sources */ = {isa = PBXBuildFile; fileRef = 0D4B78614551BEE8563E18332B934AC4 /* NonEmpty+Comparable.swift */; };
		8F298A329E1D7DC8BAB6BA684E259DEE /* NonEmpty+RandomAccessCollection.swift in Sources */ = {isa = PBXBuildFile; fileRef = C2E8DDD1B9D40468720816AAED0631E1 /* NonEmpty+RandomAccessCollection.swift */; };
		8FBA9314D3B5AAF8223A55D05B88044B /* NonEmpty.swift in Sources */ = {isa = PBXBuildFile; fileRef = E17CD96C6D3EE9CA72FC0BE45C923079 /* NonEmpty.swift */; };
		932F2A10BCD95EF62E26C91104B836DB /* NonEmpty+Dictionary.swift in Sources */ = {isa = PBXBuildFile; fileRef = 0EDAFECDD6511B1B6031D1CEE802DE97 /* NonEmpty+Dictionary.swift */; };
		93405712682571683C8FDCFAFF9D1AB0 /* NonEmpty+Array.swift in Sources */ = {isa = PBXBuildFile; fileRef = 6CDE242E4B6354974EAB6D45F32EB235 /* NonEmpty+Array.swift */; };
		94225F6CF14641BF9886CF47BD757F28 /* NonEmpty+MutableCollection.swift in Sources */ = {isa = PBXBuildFile; fileRef = 874DAACE5B32CF98E73BED16F713AA91 /* NonEmpty+MutableCollection.swift */; };
		95390BE4353B01334C7B3CE994F367DC /* NonEmpty+String.swift in Sources */ = {isa = PBXBuildFile; fileRef = 01DBD6A544D9C082A95DD34A175D09BB /* NonEmpty+String.swift */; };
		97D6D3F25774BA345A696BA3D95714F7 /* NonEmpty.swift in Sources */ = {isa = PBXBuildFile; fileRef = E17CD96C6D3EE9CA72FC0BE45C923079 /* NonEmpty.swift */; };
		A3C91CBD80EBA6EF3C82CCA1C1334CFA /* NonEmpty+SetAlgebra.swift in Sources */ = {isa = PBXBuildFile; fileRef = BCD99DB04B9AED0E487F3D3EB0DFBDDB /* NonEmpty+SetAlgebra.swift */; };
		AEC649C4FC5A7D9A15F9F1514A704629 /* NonEmpty+RandomAccessCollection.swift in Sources */ = {isa = PBXBuildFile; fileRef = C2E8DDD1B9D40468720816AAED0631E1 /* NonEmpty+RandomAccessCollection.swift */; };
		B662260117CB6423B1FA153B85E1DD51 /* NonEmpty+Array.swift in Sources */ = {isa = PBXBuildFile; fileRef = 6CDE242E4B6354974EAB6D45F32EB235 /* NonEmpty+Array.swift */; };
		B875D0B1B7816C7E5AA71EB8BB5C2C53 /* NonEmpty+Collection.swift in Sources */ = {isa = PBXBuildFile; fileRef = 4053EAC3D54AFBB4C32A4C823536D7E3 /* NonEmpty+Collection.swift */; };
		B8DB131E8C940446285379CFFF8D2B22 /* NonEmpty+Array.swift in Sources */ = {isa = PBXBuildFile; fileRef = 6CDE242E4B6354974EAB6D45F32EB235 /* NonEmpty+Array.swift */; };
		CB548EA6B3B9309F4233A91616697BB5 /* NonEmpty+Random.swift in Sources */ = {isa = PBXBuildFile; fileRef = 5602B2E6B774E4681C0E098BD9433FAB /* NonEmpty+Random.swift */; };
		CB5D118AEB339FA6CE95840788788EBF /* NonEmptyTests.swift in Sources */ = {isa = PBXBuildFile; fileRef = F76A005980324204A416C5A14B9695D4 /* NonEmptyTests.swift */; };
		D8080D790F0940626D0D183EC2E0A9B7 /* NonEmpty+String.swift in Sources */ = {isa = PBXBuildFile; fileRef = 01DBD6A544D9C082A95DD34A175D09BB /* NonEmpty+String.swift */; };
		DD176B7AC2DF8A8A9189F87F6BE3B2E2 /* NonEmpty+RangeReplaceableCollection.swift in Sources */ = {isa = PBXBuildFile; fileRef = 63EB403016DD561CFA69BBC95C757C11 /* NonEmpty+RangeReplaceableCollection.swift */; };
		DEE1A587FA60F6AF337E3D92A448E53F /* NonEmpty+RandomAccessCollection.swift in Sources */ = {isa = PBXBuildFile; fileRef = C2E8DDD1B9D40468720816AAED0631E1 /* NonEmpty+RandomAccessCollection.swift */; };
		DF87465340D37B3C6D0C38EE05B67988 /* NonEmpty+Comparable.swift in Sources */ = {isa = PBXBuildFile; fileRef = 0D4B78614551BEE8563E18332B934AC4 /* NonEmpty+Comparable.swift */; };
		E048D892207151366FCDE6C6A1F268E8 /* NonEmpty+Random.swift in Sources */ = {isa = PBXBuildFile; fileRef = 5602B2E6B774E4681C0E098BD9433FAB /* NonEmpty+Random.swift */; };
		E4BC4FEE48E438B16DC0BB7C2C00DC11 /* NonEmpty+BidirectionalCollection.swift in Sources */ = {isa = PBXBuildFile; fileRef = 293F7634BE595A09C97421EF859C6878 /* NonEmpty+BidirectionalCollection.swift */; };
		E5294388DD6A7E299C11AA0F1657B5B6 /* NonEmpty.framework in Embed Frameworks */ = {isa = PBXBuildFile; fileRef = A706D1B46C8747FA33F28F9C3A7BA926 /* NonEmpty.framework */; settings = {ATTRIBUTES = (CodeSignOnCopy, RemoveHeadersOnCopy, ); }; };
		E66D02631F51CF3415A2D13A07968248 /* NonEmpty+Comparable.swift in Sources */ = {isa = PBXBuildFile; fileRef = 0D4B78614551BEE8563E18332B934AC4 /* NonEmpty+Comparable.swift */; };
		F0D13A0108706FD0B0CA22B9FACCD3CE /* NonEmpty+Dictionary.swift in Sources */ = {isa = PBXBuildFile; fileRef = 0EDAFECDD6511B1B6031D1CEE802DE97 /* NonEmpty+Dictionary.swift */; };
		FFC08AAB41A676C94A5A892501BD823C /* NonEmpty+MutableCollection.swift in Sources */ = {isa = PBXBuildFile; fileRef = 874DAACE5B32CF98E73BED16F713AA91 /* NonEmpty+MutableCollection.swift */; };
/* End PBXBuildFile section */

/* Begin PBXContainerItemProxy section */
		120B26548FA5270F6C484F8A72799885 /* PBXContainerItemProxy */ = {
			isa = PBXContainerItemProxy;
			containerPortal = A9D2D1B9E639981E96D00478430B1D4B /* Project object */;
			proxyType = 1;
			remoteGlobalIDString = DD8CA668256A668DB6BA7683780F9688;
			remoteInfo = NonEmpty_iOS;
		};
		6CCBB6D2997EA5BD9AC3B6492964C122 /* PBXContainerItemProxy */ = {
			isa = PBXContainerItemProxy;
			containerPortal = A9D2D1B9E639981E96D00478430B1D4B /* Project object */;
			proxyType = 1;
			remoteGlobalIDString = FBDC06202487376A032752DEF141B31E;
			remoteInfo = NonEmpty_tvOS;
		};
		84B03E64E125FB2E08EBB89582D527CD /* PBXContainerItemProxy */ = {
			isa = PBXContainerItemProxy;
			containerPortal = A9D2D1B9E639981E96D00478430B1D4B /* Project object */;
			proxyType = 1;
			remoteGlobalIDString = 96AAB1269668A5A72313E269BF0515DC;
			remoteInfo = NonEmpty_watchOS;
		};
		C18C05FEA6B40170C57E10E9E0D5AEFE /* PBXContainerItemProxy */ = {
			isa = PBXContainerItemProxy;
			containerPortal = A9D2D1B9E639981E96D00478430B1D4B /* Project object */;
			proxyType = 1;
			remoteGlobalIDString = 9AAC2CFE0AA9849A50D0DFBE316669A7;
			remoteInfo = NonEmpty_macOS;
		};
/* End PBXContainerItemProxy section */

/* Begin PBXCopyFilesBuildPhase section */
		5190CFA52A5EFE8B33350EA517D7D3F7 /* Embed Frameworks */ = {
			isa = PBXCopyFilesBuildPhase;
			buildActionMask = 2147483647;
			dstPath = "";
			dstSubfolderSpec = 10;
			files = (
				E5294388DD6A7E299C11AA0F1657B5B6 /* NonEmpty.framework in Embed Frameworks */,
			);
			name = "Embed Frameworks";
			runOnlyForDeploymentPostprocessing = 0;
		};
		84B632D1E791F7D9A2A6F01590CD12AE /* Embed Frameworks */ = {
			isa = PBXCopyFilesBuildPhase;
			buildActionMask = 2147483647;
			dstPath = "";
			dstSubfolderSpec = 10;
			files = (
				87B7797970EFAFDE3D71E50E2127ED51 /* NonEmpty.framework in Embed Frameworks */,
			);
			name = "Embed Frameworks";
			runOnlyForDeploymentPostprocessing = 0;
		};
		B644D6ECCD90072BD63C835CB639CFB1 /* Embed Frameworks */ = {
			isa = PBXCopyFilesBuildPhase;
			buildActionMask = 2147483647;
			dstPath = "";
			dstSubfolderSpec = 10;
			files = (
				87B33160B2F705B622915F93214386F9 /* NonEmpty.framework in Embed Frameworks */,
			);
			name = "Embed Frameworks";
			runOnlyForDeploymentPostprocessing = 0;
		};
		C0975F1977120B0D329C43DEA98A6E2B /* Embed Frameworks */ = {
			isa = PBXCopyFilesBuildPhase;
			buildActionMask = 2147483647;
			dstPath = "";
			dstSubfolderSpec = 10;
			files = (
				534C947E02D80E8095534AE527E8F757 /* NonEmpty.framework in Embed Frameworks */,
			);
			name = "Embed Frameworks";
			runOnlyForDeploymentPostprocessing = 0;
		};
/* End PBXCopyFilesBuildPhase section */

/* Begin PBXFileReference section */
		01DBD6A544D9C082A95DD34A175D09BB /* NonEmpty+String.swift */ = {isa = PBXFileReference; lastKnownFileType = sourcecode.swift; path = "NonEmpty+String.swift"; sourceTree = "<group>"; };
		0D4B78614551BEE8563E18332B934AC4 /* NonEmpty+Comparable.swift */ = {isa = PBXFileReference; lastKnownFileType = sourcecode.swift; path = "NonEmpty+Comparable.swift"; sourceTree = "<group>"; };
		0EDAFECDD6511B1B6031D1CEE802DE97 /* NonEmpty+Dictionary.swift */ = {isa = PBXFileReference; lastKnownFileType = sourcecode.swift; path = "NonEmpty+Dictionary.swift"; sourceTree = "<group>"; };
		293F7634BE595A09C97421EF859C6878 /* NonEmpty+BidirectionalCollection.swift */ = {isa = PBXFileReference; lastKnownFileType = sourcecode.swift; path = "NonEmpty+BidirectionalCollection.swift"; sourceTree = "<group>"; };
		33C10E2B7E3C8830372F5E32CF5F4C61 /* NonEmpty.framework */ = {isa = PBXFileReference; explicitFileType = wrapper.framework; includeInIndex = 0; path = NonEmpty.framework; sourceTree = BUILT_PRODUCTS_DIR; };
		4053EAC3D54AFBB4C32A4C823536D7E3 /* NonEmpty+Collection.swift */ = {isa = PBXFileReference; lastKnownFileType = sourcecode.swift; path = "NonEmpty+Collection.swift"; sourceTree = "<group>"; };
		5602B2E6B774E4681C0E098BD9433FAB /* NonEmpty+Random.swift */ = {isa = PBXFileReference; lastKnownFileType = sourcecode.swift; path = "NonEmpty+Random.swift"; sourceTree = "<group>"; };
		5FB02C09B0D4817DF89F1363DF32E135 /* NonEmptyTests.xctest */ = {isa = PBXFileReference; includeInIndex = 0; lastKnownFileType = wrapper.cfbundle; path = NonEmptyTests.xctest; sourceTree = BUILT_PRODUCTS_DIR; };
		63EB403016DD561CFA69BBC95C757C11 /* NonEmpty+RangeReplaceableCollection.swift */ = {isa = PBXFileReference; lastKnownFileType = sourcecode.swift; path = "NonEmpty+RangeReplaceableCollection.swift"; sourceTree = "<group>"; };
		6CDE242E4B6354974EAB6D45F32EB235 /* NonEmpty+Array.swift */ = {isa = PBXFileReference; lastKnownFileType = sourcecode.swift; path = "NonEmpty+Array.swift"; sourceTree = "<group>"; };
		747A38527574919B1B0C223E3E17B10E /* NonEmpty.framework */ = {isa = PBXFileReference; explicitFileType = wrapper.framework; includeInIndex = 0; path = NonEmpty.framework; sourceTree = BUILT_PRODUCTS_DIR; };
		874DAACE5B32CF98E73BED16F713AA91 /* NonEmpty+MutableCollection.swift */ = {isa = PBXFileReference; lastKnownFileType = sourcecode.swift; path = "NonEmpty+MutableCollection.swift"; sourceTree = "<group>"; };
		99DF5B33A2525316A4FED1990619B25A /* NonEmptyTests.xctest */ = {isa = PBXFileReference; explicitFileType = wrapper.cfbundle; includeInIndex = 0; path = NonEmptyTests.xctest; sourceTree = BUILT_PRODUCTS_DIR; };
		A6F6BAD78D9ABF4D24FA03416334F9CA /* NonEmptyTests.xctest */ = {isa = PBXFileReference; explicitFileType = wrapper.cfbundle; includeInIndex = 0; path = NonEmptyTests.xctest; sourceTree = BUILT_PRODUCTS_DIR; };
		A706D1B46C8747FA33F28F9C3A7BA926 /* NonEmpty.framework */ = {isa = PBXFileReference; explicitFileType = wrapper.framework; includeInIndex = 0; path = NonEmpty.framework; sourceTree = BUILT_PRODUCTS_DIR; };
		BCD99DB04B9AED0E487F3D3EB0DFBDDB /* NonEmpty+SetAlgebra.swift */ = {isa = PBXFileReference; lastKnownFileType = sourcecode.swift; path = "NonEmpty+SetAlgebra.swift"; sourceTree = "<group>"; };
		C2E8DDD1B9D40468720816AAED0631E1 /* NonEmpty+RandomAccessCollection.swift */ = {isa = PBXFileReference; lastKnownFileType = sourcecode.swift; path = "NonEmpty+RandomAccessCollection.swift"; sourceTree = "<group>"; };
		C8A2F70B8579226A36E9121B03378400 /* NonEmptyTests.xctest */ = {isa = PBXFileReference; includeInIndex = 0; lastKnownFileType = wrapper.cfbundle; path = NonEmptyTests.xctest; sourceTree = BUILT_PRODUCTS_DIR; };
		E17CD96C6D3EE9CA72FC0BE45C923079 /* NonEmpty.swift */ = {isa = PBXFileReference; lastKnownFileType = sourcecode.swift; path = NonEmpty.swift; sourceTree = "<group>"; };
		F76A005980324204A416C5A14B9695D4 /* NonEmptyTests.swift */ = {isa = PBXFileReference; lastKnownFileType = sourcecode.swift; path = NonEmptyTests.swift; sourceTree = "<group>"; };
		FD420CD63D4B41E49CDFF040BF5D2A3D /* NonEmpty.framework */ = {isa = PBXFileReference; explicitFileType = wrapper.framework; includeInIndex = 0; path = NonEmpty.framework; sourceTree = BUILT_PRODUCTS_DIR; };
/* End PBXFileReference section */

/* Begin PBXFrameworksBuildPhase section */
		5D02BB05CE612C027BA8FF68FA60EDEB /* Frameworks */ = {
			isa = PBXFrameworksBuildPhase;
			buildActionMask = 2147483647;
			files = (
				5F475CEAE755FAF7FA4488DDBF8A552A /* NonEmpty.framework in Frameworks */,
			);
			runOnlyForDeploymentPostprocessing = 0;
		};
		81A2A81A5166D0E80BAEF95D46A2512D /* Frameworks */ = {
			isa = PBXFrameworksBuildPhase;
			buildActionMask = 2147483647;
			files = (
				8548790019859E39D6E90B1652E9D65A /* NonEmpty.framework in Frameworks */,
			);
			runOnlyForDeploymentPostprocessing = 0;
		};
		9CF09FF2A6AB41DF6A080C015A53168E /* Frameworks */ = {
			isa = PBXFrameworksBuildPhase;
			buildActionMask = 2147483647;
			files = (
				4F7E19BF09B931D748AF62EAE3A3BBE1 /* NonEmpty.framework in Frameworks */,
			);
			runOnlyForDeploymentPostprocessing = 0;
		};
		C2A7BEA1ADD081E8697725DCB3958907 /* Frameworks */ = {
			isa = PBXFrameworksBuildPhase;
			buildActionMask = 2147483647;
			files = (
				2EA75831AABAA264D5D91C9D8D9DAA53 /* NonEmpty.framework in Frameworks */,
			);
			runOnlyForDeploymentPostprocessing = 0;
		};
/* End PBXFrameworksBuildPhase section */

/* Begin PBXGroup section */
		06AF6795D5FEC95E464ADF55F017F62F /* Products */ = {
			isa = PBXGroup;
			children = (
				FD420CD63D4B41E49CDFF040BF5D2A3D /* NonEmpty.framework */,
				A706D1B46C8747FA33F28F9C3A7BA926 /* NonEmpty.framework */,
				33C10E2B7E3C8830372F5E32CF5F4C61 /* NonEmpty.framework */,
				747A38527574919B1B0C223E3E17B10E /* NonEmpty.framework */,
				5FB02C09B0D4817DF89F1363DF32E135 /* NonEmptyTests.xctest */,
				99DF5B33A2525316A4FED1990619B25A /* NonEmptyTests.xctest */,
				C8A2F70B8579226A36E9121B03378400 /* NonEmptyTests.xctest */,
				A6F6BAD78D9ABF4D24FA03416334F9CA /* NonEmptyTests.xctest */,
			);
			name = Products;
			sourceTree = "<group>";
		};
		18DB32272088643E728E02FED3EF844F = {
			isa = PBXGroup;
			children = (
				C1D9513D4EC0091A87716BD3EF9DFCF5 /* Sources */,
				2562A89BFCEBFE014B5FBCA1C54F4028 /* Tests */,
				06AF6795D5FEC95E464ADF55F017F62F /* Products */,
			);
			indentWidth = 2;
			sourceTree = "<group>";
			tabWidth = 2;
			usesTabs = 0;
		};
		2562A89BFCEBFE014B5FBCA1C54F4028 /* Tests */ = {
			isa = PBXGroup;
			children = (
				4B04754D0C6236753CFAA73464FBE25B /* NonEmptyTests */,
			);
			path = Tests;
			sourceTree = "<group>";
		};
		4B04754D0C6236753CFAA73464FBE25B /* NonEmptyTests */ = {
			isa = PBXGroup;
			children = (
				F76A005980324204A416C5A14B9695D4 /* NonEmptyTests.swift */,
			);
			path = NonEmptyTests;
			sourceTree = "<group>";
		};
		C1D9513D4EC0091A87716BD3EF9DFCF5 /* Sources */ = {
			isa = PBXGroup;
			children = (
				D8B546EF04E8B3AB0F7C2D498827FAA0 /* NonEmpty */,
			);
			path = Sources;
			sourceTree = "<group>";
		};
		D8B546EF04E8B3AB0F7C2D498827FAA0 /* NonEmpty */ = {
			isa = PBXGroup;
			children = (
				E17CD96C6D3EE9CA72FC0BE45C923079 /* NonEmpty.swift */,
				6CDE242E4B6354974EAB6D45F32EB235 /* NonEmpty+Array.swift */,
				293F7634BE595A09C97421EF859C6878 /* NonEmpty+BidirectionalCollection.swift */,
				4053EAC3D54AFBB4C32A4C823536D7E3 /* NonEmpty+Collection.swift */,
				0D4B78614551BEE8563E18332B934AC4 /* NonEmpty+Comparable.swift */,
				0EDAFECDD6511B1B6031D1CEE802DE97 /* NonEmpty+Dictionary.swift */,
				874DAACE5B32CF98E73BED16F713AA91 /* NonEmpty+MutableCollection.swift */,
				5602B2E6B774E4681C0E098BD9433FAB /* NonEmpty+Random.swift */,
				C2E8DDD1B9D40468720816AAED0631E1 /* NonEmpty+RandomAccessCollection.swift */,
				63EB403016DD561CFA69BBC95C757C11 /* NonEmpty+RangeReplaceableCollection.swift */,
				BCD99DB04B9AED0E487F3D3EB0DFBDDB /* NonEmpty+SetAlgebra.swift */,
				01DBD6A544D9C082A95DD34A175D09BB /* NonEmpty+String.swift */,
			);
			path = NonEmpty;
			sourceTree = "<group>";
		};
/* End PBXGroup section */

/* Begin PBXNativeTarget section */
		00F98831CF68188B33D02039CAC2FC2F /* NonEmptyTests_watchOS */ = {
			isa = PBXNativeTarget;
			buildConfigurationList = 55A1B1AD201D24771CC8865D8E6FB39A /* Build configuration list for PBXNativeTarget "NonEmptyTests_watchOS" */;
			buildPhases = (
				F35393E7EBCB37E339E7DAAD938C8817 /* Sources */,
				5D02BB05CE612C027BA8FF68FA60EDEB /* Frameworks */,
				84B632D1E791F7D9A2A6F01590CD12AE /* Embed Frameworks */,
			);
			buildRules = (
			);
			dependencies = (
				AFCAEF1AF8FB9323C7056405711A4D98 /* PBXTargetDependency */,
			);
			name = NonEmptyTests_watchOS;
			productName = NonEmptyTests_watchOS;
			productReference = A6F6BAD78D9ABF4D24FA03416334F9CA /* NonEmptyTests.xctest */;
			productType = "com.apple.product-type.bundle.unit-test";
		};
		26EA67900DA2348FB03A3B45BE1765C4 /* NonEmptyTests_iOS */ = {
			isa = PBXNativeTarget;
			buildConfigurationList = B0F5ABB09ED3E0071208B0C776DB2BDF /* Build configuration list for PBXNativeTarget "NonEmptyTests_iOS" */;
			buildPhases = (
				B266153DA33E4FEF80EA97DEFB5F4715 /* Sources */,
				C2A7BEA1ADD081E8697725DCB3958907 /* Frameworks */,
				C0975F1977120B0D329C43DEA98A6E2B /* Embed Frameworks */,
			);
			buildRules = (
			);
			dependencies = (
				F60DCD8DCE480FD89AA51D180CA7E306 /* PBXTargetDependency */,
			);
			name = NonEmptyTests_iOS;
			productName = NonEmptyTests_iOS;
			productReference = 5FB02C09B0D4817DF89F1363DF32E135 /* NonEmptyTests.xctest */;
			productType = "com.apple.product-type.bundle.unit-test";
		};
		96AAB1269668A5A72313E269BF0515DC /* NonEmpty_watchOS */ = {
			isa = PBXNativeTarget;
			buildConfigurationList = 5FF519B92266F926495B4E44424DF62B /* Build configuration list for PBXNativeTarget "NonEmpty_watchOS" */;
			buildPhases = (
				2ABCE122ED40545E2D97352F14D82078 /* Sources */,
			);
			buildRules = (
			);
			dependencies = (
			);
			name = NonEmpty_watchOS;
			productName = NonEmpty_watchOS;
			productReference = 747A38527574919B1B0C223E3E17B10E /* NonEmpty.framework */;
			productType = "com.apple.product-type.framework";
		};
		9AAC2CFE0AA9849A50D0DFBE316669A7 /* NonEmpty_macOS */ = {
			isa = PBXNativeTarget;
			buildConfigurationList = 3E88298859622F304909E60D8DA9CD2D /* Build configuration list for PBXNativeTarget "NonEmpty_macOS" */;
			buildPhases = (
				666CAD6845E65AC04D291A9FB64E5075 /* Sources */,
			);
			buildRules = (
			);
			dependencies = (
			);
			name = NonEmpty_macOS;
			productName = NonEmpty_macOS;
			productReference = A706D1B46C8747FA33F28F9C3A7BA926 /* NonEmpty.framework */;
			productType = "com.apple.product-type.framework";
		};
		A81003E322A50A7B67250E95EB2D7F43 /* NonEmptyTests_tvOS */ = {
			isa = PBXNativeTarget;
			buildConfigurationList = 868526A962D5749596F81ACE7F9EC226 /* Build configuration list for PBXNativeTarget "NonEmptyTests_tvOS" */;
			buildPhases = (
				46EAE04B4E369178E9405D12FCED171D /* Sources */,
				81A2A81A5166D0E80BAEF95D46A2512D /* Frameworks */,
				B644D6ECCD90072BD63C835CB639CFB1 /* Embed Frameworks */,
			);
			buildRules = (
			);
			dependencies = (
				3C78AD19FF456D5674444D1936EB5465 /* PBXTargetDependency */,
			);
			name = NonEmptyTests_tvOS;
			productName = NonEmptyTests_tvOS;
			productReference = C8A2F70B8579226A36E9121B03378400 /* NonEmptyTests.xctest */;
			productType = "com.apple.product-type.bundle.unit-test";
		};
		B48C9D7469ED32C8C604FB91C084845A /* NonEmptyTests_macOS */ = {
			isa = PBXNativeTarget;
			buildConfigurationList = 1E797369FA9596833D4C4C7243396525 /* Build configuration list for PBXNativeTarget "NonEmptyTests_macOS" */;
			buildPhases = (
				98C2BE2224EFC6855AF457654395CD4E /* Sources */,
				9CF09FF2A6AB41DF6A080C015A53168E /* Frameworks */,
				5190CFA52A5EFE8B33350EA517D7D3F7 /* Embed Frameworks */,
			);
			buildRules = (
			);
			dependencies = (
				AAF628D21DE838FBC30630873D43E132 /* PBXTargetDependency */,
			);
			name = NonEmptyTests_macOS;
			productName = NonEmptyTests_macOS;
			productReference = 99DF5B33A2525316A4FED1990619B25A /* NonEmptyTests.xctest */;
			productType = "com.apple.product-type.bundle.unit-test";
		};
		DD8CA668256A668DB6BA7683780F9688 /* NonEmpty_iOS */ = {
			isa = PBXNativeTarget;
			buildConfigurationList = 133E85588F9F7ADF837FFFC8FBCA4469 /* Build configuration list for PBXNativeTarget "NonEmpty_iOS" */;
			buildPhases = (
				82D3798339E8E0231C71589B7DEC213B /* Sources */,
			);
			buildRules = (
			);
			dependencies = (
			);
			name = NonEmpty_iOS;
			productName = NonEmpty_iOS;
			productReference = FD420CD63D4B41E49CDFF040BF5D2A3D /* NonEmpty.framework */;
			productType = "com.apple.product-type.framework";
		};
		FBDC06202487376A032752DEF141B31E /* NonEmpty_tvOS */ = {
			isa = PBXNativeTarget;
			buildConfigurationList = BB63D8EFE9B466FF04069FF04E3CD929 /* Build configuration list for PBXNativeTarget "NonEmpty_tvOS" */;
			buildPhases = (
				357EC05604397D03F1CA4E5A75C70D85 /* Sources */,
			);
			buildRules = (
			);
			dependencies = (
			);
			name = NonEmpty_tvOS;
			productName = NonEmpty_tvOS;
			productReference = 33C10E2B7E3C8830372F5E32CF5F4C61 /* NonEmpty.framework */;
			productType = "com.apple.product-type.framework";
		};
/* End PBXNativeTarget section */

/* Begin PBXProject section */
		A9D2D1B9E639981E96D00478430B1D4B /* Project object */ = {
			isa = PBXProject;
			attributes = {
				LastUpgradeCheck = 1000;
			};
			buildConfigurationList = F867F429F58B295FE2AFCDA5218388DF /* Build configuration list for PBXProject "NonEmpty" */;
			compatibilityVersion = "Xcode 9.3";
			developmentRegion = en;
			hasScannedForEncodings = 0;
			knownRegions = (
				en,
			);
			mainGroup = 18DB32272088643E728E02FED3EF844F;
			projectDirPath = "";
			projectRoot = "";
			targets = (
				26EA67900DA2348FB03A3B45BE1765C4 /* NonEmptyTests_iOS */,
				B48C9D7469ED32C8C604FB91C084845A /* NonEmptyTests_macOS */,
				A81003E322A50A7B67250E95EB2D7F43 /* NonEmptyTests_tvOS */,
				00F98831CF68188B33D02039CAC2FC2F /* NonEmptyTests_watchOS */,
				DD8CA668256A668DB6BA7683780F9688 /* NonEmpty_iOS */,
				9AAC2CFE0AA9849A50D0DFBE316669A7 /* NonEmpty_macOS */,
				FBDC06202487376A032752DEF141B31E /* NonEmpty_tvOS */,
				96AAB1269668A5A72313E269BF0515DC /* NonEmpty_watchOS */,
			);
		};
/* End PBXProject section */

/* Begin PBXSourcesBuildPhase section */
		2ABCE122ED40545E2D97352F14D82078 /* Sources */ = {
			isa = PBXSourcesBuildPhase;
			buildActionMask = 2147483647;
			files = (
				52D15BB36C999679C1459F282F705CF2 /* NonEmpty+Array.swift in Sources */,
				E4BC4FEE48E438B16DC0BB7C2C00DC11 /* NonEmpty+BidirectionalCollection.swift in Sources */,
				3577D446BEBF4774E034F2789CFF7503 /* NonEmpty+Collection.swift in Sources */,
				E66D02631F51CF3415A2D13A07968248 /* NonEmpty+Comparable.swift in Sources */,
				F0D13A0108706FD0B0CA22B9FACCD3CE /* NonEmpty+Dictionary.swift in Sources */,
				1B254780D0FB1BDE9D1E8D5DCC16271A /* NonEmpty+MutableCollection.swift in Sources */,
				CB548EA6B3B9309F4233A91616697BB5 /* NonEmpty+Random.swift in Sources */,
				DEE1A587FA60F6AF337E3D92A448E53F /* NonEmpty+RandomAccessCollection.swift in Sources */,
				21FFE243E225326DE59982751BD0997D /* NonEmpty+RangeReplaceableCollection.swift in Sources */,
				A3C91CBD80EBA6EF3C82CCA1C1334CFA /* NonEmpty+SetAlgebra.swift in Sources */,
				D8080D790F0940626D0D183EC2E0A9B7 /* NonEmpty+String.swift in Sources */,
				035F78C31637C67DEA89526F973FFC75 /* NonEmpty.swift in Sources */,
			);
			runOnlyForDeploymentPostprocessing = 0;
		};
		357EC05604397D03F1CA4E5A75C70D85 /* Sources */ = {
			isa = PBXSourcesBuildPhase;
			buildActionMask = 2147483647;
			files = (
				93405712682571683C8FDCFAFF9D1AB0 /* NonEmpty+Array.swift in Sources */,
				60A9977355812CFE5BAF7A321CB6869C /* NonEmpty+BidirectionalCollection.swift in Sources */,
				77A2453E615CE19C411A30783D0C2342 /* NonEmpty+Collection.swift in Sources */,
				DF87465340D37B3C6D0C38EE05B67988 /* NonEmpty+Comparable.swift in Sources */,
				41AC3516C2C6981E3296196FF2D65EB4 /* NonEmpty+Dictionary.swift in Sources */,
				94225F6CF14641BF9886CF47BD757F28 /* NonEmpty+MutableCollection.swift in Sources */,
				E048D892207151366FCDE6C6A1F268E8 /* NonEmpty+Random.swift in Sources */,
				AEC649C4FC5A7D9A15F9F1514A704629 /* NonEmpty+RandomAccessCollection.swift in Sources */,
				82CEA721411F3F773E17D0699B1867E3 /* NonEmpty+RangeReplaceableCollection.swift in Sources */,
				71E5F19DFE59225EE87819868FB93BEE /* NonEmpty+SetAlgebra.swift in Sources */,
				30AE18A73E630FCBECC51634045A7ACC /* NonEmpty+String.swift in Sources */,
				8FBA9314D3B5AAF8223A55D05B88044B /* NonEmpty.swift in Sources */,
			);
			runOnlyForDeploymentPostprocessing = 0;
		};
		46EAE04B4E369178E9405D12FCED171D /* Sources */ = {
			isa = PBXSourcesBuildPhase;
			buildActionMask = 2147483647;
			files = (
				4CC3238E7600F7FE2BA5FB57801EA40C /* NonEmptyTests.swift in Sources */,
			);
			runOnlyForDeploymentPostprocessing = 0;
		};
		666CAD6845E65AC04D291A9FB64E5075 /* Sources */ = {
			isa = PBXSourcesBuildPhase;
			buildActionMask = 2147483647;
			files = (
				B8DB131E8C940446285379CFFF8D2B22 /* NonEmpty+Array.swift in Sources */,
				03492E233E87CF875F18A73751A08A1A /* NonEmpty+BidirectionalCollection.swift in Sources */,
				409DF93528C4C64FAF2F19334E1789A6 /* NonEmpty+Collection.swift in Sources */,
				88EB7BD3391CB7F7455C6E69C967399D /* NonEmpty+Comparable.swift in Sources */,
				932F2A10BCD95EF62E26C91104B836DB /* NonEmpty+Dictionary.swift in Sources */,
				FFC08AAB41A676C94A5A892501BD823C /* NonEmpty+MutableCollection.swift in Sources */,
				68C0DAEDC764C243DC09B4A20813E3E8 /* NonEmpty+Random.swift in Sources */,
				8F298A329E1D7DC8BAB6BA684E259DEE /* NonEmpty+RandomAccessCollection.swift in Sources */,
				DD176B7AC2DF8A8A9189F87F6BE3B2E2 /* NonEmpty+RangeReplaceableCollection.swift in Sources */,
				611D830875076993DC3B1F5345BF48FC /* NonEmpty+SetAlgebra.swift in Sources */,
				1BCE61567CA894585FD4F690FFA16D19 /* NonEmpty+String.swift in Sources */,
				97D6D3F25774BA345A696BA3D95714F7 /* NonEmpty.swift in Sources */,
			);
			runOnlyForDeploymentPostprocessing = 0;
		};
		82D3798339E8E0231C71589B7DEC213B /* Sources */ = {
			isa = PBXSourcesBuildPhase;
			buildActionMask = 2147483647;
			files = (
				B662260117CB6423B1FA153B85E1DD51 /* NonEmpty+Array.swift in Sources */,
				08B076F76F3BD9824C7D90137F5FA2A0 /* NonEmpty+BidirectionalCollection.swift in Sources */,
				B875D0B1B7816C7E5AA71EB8BB5C2C53 /* NonEmpty+Collection.swift in Sources */,
				59BD06F3FB7395B413A9C1CF3C27F205 /* NonEmpty+Comparable.swift in Sources */,
				12BF3FBEFFBD8DB0E4005BBAB6E687EF /* NonEmpty+Dictionary.swift in Sources */,
				4479847F2473CCAEAF0B7F57A0AA0679 /* NonEmpty+MutableCollection.swift in Sources */,
				2F82DC7C31A925C3BAAD1C1B202521EB /* NonEmpty+Random.swift in Sources */,
				23EDB6DDBE4DD03125BC61B08FF65135 /* NonEmpty+RandomAccessCollection.swift in Sources */,
				214C4642A6D68BC015BBEF40DF15966B /* NonEmpty+RangeReplaceableCollection.swift in Sources */,
				3BF8AF2E538B5528BBD112CBBFBEFE3A /* NonEmpty+SetAlgebra.swift in Sources */,
				95390BE4353B01334C7B3CE994F367DC /* NonEmpty+String.swift in Sources */,
				034EC846BF6577816B1EE0BEDAFD8A58 /* NonEmpty.swift in Sources */,
			);
			runOnlyForDeploymentPostprocessing = 0;
		};
		98C2BE2224EFC6855AF457654395CD4E /* Sources */ = {
			isa = PBXSourcesBuildPhase;
			buildActionMask = 2147483647;
			files = (
				6EC97B70A8F09650ADD42261C711B825 /* NonEmptyTests.swift in Sources */,
			);
			runOnlyForDeploymentPostprocessing = 0;
		};
		B266153DA33E4FEF80EA97DEFB5F4715 /* Sources */ = {
			isa = PBXSourcesBuildPhase;
			buildActionMask = 2147483647;
			files = (
				CB5D118AEB339FA6CE95840788788EBF /* NonEmptyTests.swift in Sources */,
			);
			runOnlyForDeploymentPostprocessing = 0;
		};
		F35393E7EBCB37E339E7DAAD938C8817 /* Sources */ = {
			isa = PBXSourcesBuildPhase;
			buildActionMask = 2147483647;
			files = (
				7023E86B3ABAFC8B794EF64D1EE0DF1C /* NonEmptyTests.swift in Sources */,
			);
			runOnlyForDeploymentPostprocessing = 0;
		};
/* End PBXSourcesBuildPhase section */

/* Begin PBXTargetDependency section */
		3C78AD19FF456D5674444D1936EB5465 /* PBXTargetDependency */ = {
			isa = PBXTargetDependency;
			target = FBDC06202487376A032752DEF141B31E /* NonEmpty_tvOS */;
			targetProxy = 6CCBB6D2997EA5BD9AC3B6492964C122 /* PBXContainerItemProxy */;
		};
		AAF628D21DE838FBC30630873D43E132 /* PBXTargetDependency */ = {
			isa = PBXTargetDependency;
			target = 9AAC2CFE0AA9849A50D0DFBE316669A7 /* NonEmpty_macOS */;
			targetProxy = C18C05FEA6B40170C57E10E9E0D5AEFE /* PBXContainerItemProxy */;
		};
		AFCAEF1AF8FB9323C7056405711A4D98 /* PBXTargetDependency */ = {
			isa = PBXTargetDependency;
			target = 96AAB1269668A5A72313E269BF0515DC /* NonEmpty_watchOS */;
			targetProxy = 84B03E64E125FB2E08EBB89582D527CD /* PBXContainerItemProxy */;
		};
		F60DCD8DCE480FD89AA51D180CA7E306 /* PBXTargetDependency */ = {
			isa = PBXTargetDependency;
			target = DD8CA668256A668DB6BA7683780F9688 /* NonEmpty_iOS */;
			targetProxy = 120B26548FA5270F6C484F8A72799885 /* PBXContainerItemProxy */;
		};
/* End PBXTargetDependency section */

/* Begin XCBuildConfiguration section */
		0FFE400290E901F5AF15643BF1603AD9 /* Release */ = {
			isa = XCBuildConfiguration;
			buildSettings = {
				BUNDLE_LOADER = "$(TEST_HOST)";
				LD_RUNPATH_SEARCH_PATHS = (
					"$(inherited)",
					"@executable_path/Frameworks",
					"@loader_path/Frameworks",
				);
				PRODUCT_BUNDLE_IDENTIFIER = "co.pointfree.NonEmptyTests-watchOS";
				PRODUCT_NAME = NonEmptyTests;
				SDKROOT = watchos;
				SKIP_INSTALL = YES;
				SWIFT_VERSION = 5.0;
				TARGETED_DEVICE_FAMILY = 4;
			};
			name = Release;
		};
		1E596AEEA7562A2C1510B57526112CB9 /* Debug */ = {
			isa = XCBuildConfiguration;
			buildSettings = {
				BUNDLE_LOADER = "$(TEST_HOST)";
				LD_RUNPATH_SEARCH_PATHS = (
					"$(inherited)",
					"@executable_path/Frameworks",
					"@loader_path/Frameworks",
				);
				PRODUCT_BUNDLE_IDENTIFIER = "co.pointfree.NonEmptyTests-watchOS";
				PRODUCT_NAME = NonEmptyTests;
				SDKROOT = watchos;
				SKIP_INSTALL = YES;
				SWIFT_VERSION = 5.0;
				TARGETED_DEVICE_FAMILY = 4;
			};
			name = Debug;
		};
		27F824037539FF80D60EF49F56692488 /* Release */ = {
			isa = XCBuildConfiguration;
			buildSettings = {
				APPLICATION_EXTENSION_API_ONLY = YES;
				CODE_SIGN_IDENTITY = "";
				CURRENT_PROJECT_VERSION = 1;
				DEFINES_MODULE = YES;
				DYLIB_COMPATIBILITY_VERSION = 1;
				DYLIB_CURRENT_VERSION = 1;
				DYLIB_INSTALL_NAME_BASE = "@rpath";
				INFOPLIST_FILE = Info.plist;
				INSTALL_PATH = "$(LOCAL_LIBRARY_DIR)/Frameworks";
				PRODUCT_BUNDLE_IDENTIFIER = "co.pointfree.NonEmpty-watchOS";
				PRODUCT_NAME = NonEmpty;
				SDKROOT = watchos;
				SKIP_INSTALL = YES;
				SWIFT_VERSION = 5.0;
				TARGETED_DEVICE_FAMILY = 4;
				VERSIONING_SYSTEM = "apple-generic";
			};
			name = Release;
		};
		2D5728163B36E619E26B4018E2848B44 /* Debug */ = {
			isa = XCBuildConfiguration;
			buildSettings = {
				BUNDLE_LOADER = "$(TEST_HOST)";
				COMBINE_HIDPI_IMAGES = YES;
				LD_RUNPATH_SEARCH_PATHS = (
					"$(inherited)",
					"@executable_path/../Frameworks",
					"@loader_path/../Frameworks",
				);
				PRODUCT_BUNDLE_IDENTIFIER = "co.pointfree.NonEmptyTests-macOS";
				PRODUCT_NAME = NonEmptyTests;
				SDKROOT = macosx;
				SWIFT_VERSION = 5.0;
			};
			name = Debug;
		};
		4441A70E6E40426DEE7E8D767307873A /* Debug */ = {
			isa = XCBuildConfiguration;
			buildSettings = {
				BUNDLE_LOADER = "$(TEST_HOST)";
				LD_RUNPATH_SEARCH_PATHS = (
					"$(inherited)",
					"@executable_path/Frameworks",
					"@loader_path/Frameworks",
				);
				PRODUCT_BUNDLE_IDENTIFIER = "co.pointfree.NonEmptyTests-iOS";
				PRODUCT_NAME = NonEmptyTests;
				SDKROOT = iphoneos;
				SWIFT_VERSION = 5.0;
				TARGETED_DEVICE_FAMILY = "1,2";
			};
			name = Debug;
		};
		84A5B1BB7361D46B200C128F33DB3A86 /* Release */ = {
			isa = XCBuildConfiguration;
			buildSettings = {
				BUNDLE_LOADER = "$(TEST_HOST)";
				COMBINE_HIDPI_IMAGES = YES;
				LD_RUNPATH_SEARCH_PATHS = (
					"$(inherited)",
					"@executable_path/../Frameworks",
					"@loader_path/../Frameworks",
				);
				PRODUCT_BUNDLE_IDENTIFIER = "co.pointfree.NonEmptyTests-macOS";
				PRODUCT_NAME = NonEmptyTests;
				SDKROOT = macosx;
				SWIFT_VERSION = 5.0;
			};
			name = Release;
		};
		8B16DD9E12EA14018364FA00B7553913 /* Release */ = {
			isa = XCBuildConfiguration;
			buildSettings = {
				APPLICATION_EXTENSION_API_ONLY = YES;
				CODE_SIGN_IDENTITY = "";
				CURRENT_PROJECT_VERSION = 1;
				DEFINES_MODULE = YES;
				DYLIB_COMPATIBILITY_VERSION = 1;
				DYLIB_CURRENT_VERSION = 1;
				DYLIB_INSTALL_NAME_BASE = "@rpath";
				INFOPLIST_FILE = Info.plist;
				INSTALL_PATH = "$(LOCAL_LIBRARY_DIR)/Frameworks";
				LD_RUNPATH_SEARCH_PATHS = (
					"$(inherited)",
					"@executable_path/Frameworks",
				);
				PRODUCT_BUNDLE_IDENTIFIER = "co.pointfree.NonEmpty-iOS";
				PRODUCT_NAME = NonEmpty;
				SDKROOT = iphoneos;
				SKIP_INSTALL = YES;
				SWIFT_VERSION = 5.0;
				TARGETED_DEVICE_FAMILY = "1,2";
				VERSIONING_SYSTEM = "apple-generic";
			};
			name = Release;
		};
		936F3E7FFDD8C9F8739A1EFA6EF230FA /* Release */ = {
			isa = XCBuildConfiguration;
			buildSettings = {
				ALWAYS_SEARCH_USER_PATHS = NO;
				CLANG_ANALYZER_NONNULL = YES;
				CLANG_ANALYZER_NUMBER_OBJECT_CONVERSION = YES_AGGRESSIVE;
				CLANG_CXX_LANGUAGE_STANDARD = "gnu++14";
				CLANG_CXX_LIBRARY = "libc++";
				CLANG_ENABLE_MODULES = YES;
				CLANG_ENABLE_OBJC_ARC = YES;
				CLANG_WARN_BLOCK_CAPTURE_AUTORELEASING = YES;
				CLANG_WARN_BOOL_CONVERSION = YES;
				CLANG_WARN_COMMA = YES;
				CLANG_WARN_CONSTANT_CONVERSION = YES;
				CLANG_WARN_DEPRECATED_OBJC_IMPLEMENTATIONS = YES;
				CLANG_WARN_DIRECT_OBJC_ISA_USAGE = YES_ERROR;
				CLANG_WARN_DOCUMENTATION_COMMENTS = YES;
				CLANG_WARN_EMPTY_BODY = YES;
				CLANG_WARN_ENUM_CONVERSION = YES;
				CLANG_WARN_INFINITE_RECURSION = YES;
				CLANG_WARN_INT_CONVERSION = YES;
				CLANG_WARN_NON_LITERAL_NULL_CONVERSION = YES;
				CLANG_WARN_OBJC_IMPLICIT_RETAIN_SELF = YES;
				CLANG_WARN_OBJC_LITERAL_CONVERSION = YES;
				CLANG_WARN_OBJC_ROOT_CLASS = YES_ERROR;
				CLANG_WARN_RANGE_LOOP_ANALYSIS = YES;
				CLANG_WARN_STRICT_PROTOTYPES = YES;
				CLANG_WARN_SUSPICIOUS_MOVE = YES;
				CLANG_WARN_UNGUARDED_AVAILABILITY = YES_AGGRESSIVE;
				CLANG_WARN_UNREACHABLE_CODE = YES;
				CLANG_WARN__DUPLICATE_METHOD_MATCH = YES;
				COPY_PHASE_STRIP = NO;
				DEBUG_INFORMATION_FORMAT = "dwarf-with-dsym";
				ENABLE_NS_ASSERTIONS = NO;
				ENABLE_STRICT_OBJC_MSGSEND = YES;
				GCC_C_LANGUAGE_STANDARD = gnu11;
				GCC_NO_COMMON_BLOCKS = YES;
				GCC_WARN_64_TO_32_BIT_CONVERSION = YES;
				GCC_WARN_ABOUT_RETURN_TYPE = YES_ERROR;
				GCC_WARN_UNDECLARED_SELECTOR = YES;
				GCC_WARN_UNINITIALIZED_AUTOS = YES_AGGRESSIVE;
				GCC_WARN_UNUSED_FUNCTION = YES;
				GCC_WARN_UNUSED_VARIABLE = YES;
				IPHONEOS_DEPLOYMENT_TARGET = 8.0;
				MACOSX_DEPLOYMENT_TARGET = 10.9;
				PRODUCT_NAME = "$(TARGET_NAME)";
				SWIFT_OPTIMIZATION_LEVEL = "-Owholemodule";
				SWIFT_VERSION = 4.2;
				TVOS_DEPLOYMENT_TARGET = 9.0;
				VALIDATE_PRODUCT = YES;
				WATCHOS_DEPLOYMENT_TARGET = 2.0;
			};
			name = Release;
		};
		947D1FC8FC686A9065CCB7D1100CBE56 /* Release */ = {
			isa = XCBuildConfiguration;
			buildSettings = {
				BUNDLE_LOADER = "$(TEST_HOST)";
				LD_RUNPATH_SEARCH_PATHS = (
					"$(inherited)",
					"@executable_path/Frameworks",
					"@loader_path/Frameworks",
				);
				PRODUCT_BUNDLE_IDENTIFIER = "co.pointfree.NonEmptyTests-tvOS";
				PRODUCT_NAME = NonEmptyTests;
				SDKROOT = appletvos;
				SWIFT_VERSION = 5.0;
				TARGETED_DEVICE_FAMILY = 3;
			};
			name = Release;
		};
		9BDEF1B703176DB7812D1F9A3749D680 /* Debug */ = {
			isa = XCBuildConfiguration;
			buildSettings = {
				APPLICATION_EXTENSION_API_ONLY = YES;
				CODE_SIGN_IDENTITY = "";
				CURRENT_PROJECT_VERSION = 1;
				DEFINES_MODULE = YES;
				DYLIB_COMPATIBILITY_VERSION = 1;
				DYLIB_CURRENT_VERSION = 1;
				DYLIB_INSTALL_NAME_BASE = "@rpath";
				INFOPLIST_FILE = Info.plist;
				INSTALL_PATH = "$(LOCAL_LIBRARY_DIR)/Frameworks";
				LD_RUNPATH_SEARCH_PATHS = (
					"$(inherited)",
					"@executable_path/Frameworks",
				);
				PRODUCT_BUNDLE_IDENTIFIER = "co.pointfree.NonEmpty-iOS";
				PRODUCT_NAME = NonEmpty;
				SDKROOT = iphoneos;
				SKIP_INSTALL = YES;
				SWIFT_VERSION = 5.0;
				TARGETED_DEVICE_FAMILY = "1,2";
				VERSIONING_SYSTEM = "apple-generic";
			};
			name = Debug;
		};
		9D5E15BE3968FD57DFE4AD253678CF71 /* Debug */ = {
			isa = XCBuildConfiguration;
			buildSettings = {
				APPLICATION_EXTENSION_API_ONLY = YES;
				CODE_SIGN_IDENTITY = "";
				CURRENT_PROJECT_VERSION = 1;
				DEFINES_MODULE = YES;
				DYLIB_COMPATIBILITY_VERSION = 1;
				DYLIB_CURRENT_VERSION = 1;
				DYLIB_INSTALL_NAME_BASE = "@rpath";
				INFOPLIST_FILE = Info.plist;
				INSTALL_PATH = "$(LOCAL_LIBRARY_DIR)/Frameworks";
				PRODUCT_BUNDLE_IDENTIFIER = "co.pointfree.NonEmpty-watchOS";
				PRODUCT_NAME = NonEmpty;
				SDKROOT = watchos;
				SKIP_INSTALL = YES;
				SWIFT_VERSION = 5.0;
				TARGETED_DEVICE_FAMILY = 4;
				VERSIONING_SYSTEM = "apple-generic";
			};
			name = Debug;
		};
		A80F2E0A851523581103D5578A94C070 /* Debug */ = {
			isa = XCBuildConfiguration;
			buildSettings = {
				APPLICATION_EXTENSION_API_ONLY = YES;
				CODE_SIGN_IDENTITY = "";
				COMBINE_HIDPI_IMAGES = YES;
				CURRENT_PROJECT_VERSION = 1;
				DEFINES_MODULE = YES;
				DYLIB_COMPATIBILITY_VERSION = 1;
				DYLIB_CURRENT_VERSION = 1;
				DYLIB_INSTALL_NAME_BASE = "@rpath";
				INFOPLIST_FILE = Info.plist;
				INSTALL_PATH = "$(LOCAL_LIBRARY_DIR)/Frameworks";
				LD_RUNPATH_SEARCH_PATHS = (
					"$(inherited)",
					"@executable_path/../Frameworks",
				);
				PRODUCT_BUNDLE_IDENTIFIER = "co.pointfree.NonEmpty-macOS";
				PRODUCT_NAME = NonEmpty;
				SDKROOT = macosx;
				SKIP_INSTALL = YES;
				SWIFT_VERSION = 5.0;
				VERSIONING_SYSTEM = "apple-generic";
			};
			name = Debug;
		};
		C72F389261C57FDBE8D9166531157007 /* Debug */ = {
			isa = XCBuildConfiguration;
			buildSettings = {
				APPLICATION_EXTENSION_API_ONLY = YES;
				CODE_SIGN_IDENTITY = "";
				CURRENT_PROJECT_VERSION = 1;
				DEFINES_MODULE = YES;
				DYLIB_COMPATIBILITY_VERSION = 1;
				DYLIB_CURRENT_VERSION = 1;
				DYLIB_INSTALL_NAME_BASE = "@rpath";
				INFOPLIST_FILE = Info.plist;
				INSTALL_PATH = "$(LOCAL_LIBRARY_DIR)/Frameworks";
				LD_RUNPATH_SEARCH_PATHS = (
					"$(inherited)",
					"@executable_path/Frameworks",
				);
				PRODUCT_BUNDLE_IDENTIFIER = "co.pointfree.NonEmpty-tvOS";
				PRODUCT_NAME = NonEmpty;
				SDKROOT = appletvos;
				SKIP_INSTALL = YES;
				SWIFT_VERSION = 5.0;
				TARGETED_DEVICE_FAMILY = 3;
				VERSIONING_SYSTEM = "apple-generic";
			};
			name = Debug;
		};
		C7C5EE0381BF50782139BA279ECD8D7F /* Debug */ = {
			isa = XCBuildConfiguration;
			buildSettings = {
				BUNDLE_LOADER = "$(TEST_HOST)";
				LD_RUNPATH_SEARCH_PATHS = (
					"$(inherited)",
					"@executable_path/Frameworks",
					"@loader_path/Frameworks",
				);
				PRODUCT_BUNDLE_IDENTIFIER = "co.pointfree.NonEmptyTests-tvOS";
				PRODUCT_NAME = NonEmptyTests;
				SDKROOT = appletvos;
				SWIFT_VERSION = 5.0;
				TARGETED_DEVICE_FAMILY = 3;
			};
			name = Debug;
		};
		CBCF508C70F5B26E0A73291CDA540C51 /* Release */ = {
			isa = XCBuildConfiguration;
			buildSettings = {
				BUNDLE_LOADER = "$(TEST_HOST)";
				LD_RUNPATH_SEARCH_PATHS = (
					"$(inherited)",
					"@executable_path/Frameworks",
					"@loader_path/Frameworks",
				);
				PRODUCT_BUNDLE_IDENTIFIER = "co.pointfree.NonEmptyTests-iOS";
				PRODUCT_NAME = NonEmptyTests;
				SDKROOT = iphoneos;
				SWIFT_VERSION = 5.0;
				TARGETED_DEVICE_FAMILY = "1,2";
			};
			name = Release;
		};
		D3D58C75FD97D97559A1BAEC8E52AEF3 /* Release */ = {
			isa = XCBuildConfiguration;
			buildSettings = {
				APPLICATION_EXTENSION_API_ONLY = YES;
				CODE_SIGN_IDENTITY = "";
				COMBINE_HIDPI_IMAGES = YES;
				CURRENT_PROJECT_VERSION = 1;
				DEFINES_MODULE = YES;
				DYLIB_COMPATIBILITY_VERSION = 1;
				DYLIB_CURRENT_VERSION = 1;
				DYLIB_INSTALL_NAME_BASE = "@rpath";
				INFOPLIST_FILE = Info.plist;
				INSTALL_PATH = "$(LOCAL_LIBRARY_DIR)/Frameworks";
				LD_RUNPATH_SEARCH_PATHS = (
					"$(inherited)",
					"@executable_path/../Frameworks",
				);
				PRODUCT_BUNDLE_IDENTIFIER = "co.pointfree.NonEmpty-macOS";
				PRODUCT_NAME = NonEmpty;
				SDKROOT = macosx;
				SKIP_INSTALL = YES;
				SWIFT_VERSION = 5.0;
				VERSIONING_SYSTEM = "apple-generic";
			};
			name = Release;
		};
		E1EE3BF3AFDD5A64BA852D14ACB30D5F /* Debug */ = {
			isa = XCBuildConfiguration;
			buildSettings = {
				ALWAYS_SEARCH_USER_PATHS = NO;
				CLANG_ANALYZER_NONNULL = YES;
				CLANG_ANALYZER_NUMBER_OBJECT_CONVERSION = YES_AGGRESSIVE;
				CLANG_CXX_LANGUAGE_STANDARD = "gnu++14";
				CLANG_CXX_LIBRARY = "libc++";
				CLANG_ENABLE_MODULES = YES;
				CLANG_ENABLE_OBJC_ARC = YES;
				CLANG_WARN_BLOCK_CAPTURE_AUTORELEASING = YES;
				CLANG_WARN_BOOL_CONVERSION = YES;
				CLANG_WARN_COMMA = YES;
				CLANG_WARN_CONSTANT_CONVERSION = YES;
				CLANG_WARN_DEPRECATED_OBJC_IMPLEMENTATIONS = YES;
				CLANG_WARN_DIRECT_OBJC_ISA_USAGE = YES_ERROR;
				CLANG_WARN_DOCUMENTATION_COMMENTS = YES;
				CLANG_WARN_EMPTY_BODY = YES;
				CLANG_WARN_ENUM_CONVERSION = YES;
				CLANG_WARN_INFINITE_RECURSION = YES;
				CLANG_WARN_INT_CONVERSION = YES;
				CLANG_WARN_NON_LITERAL_NULL_CONVERSION = YES;
				CLANG_WARN_OBJC_IMPLICIT_RETAIN_SELF = YES;
				CLANG_WARN_OBJC_LITERAL_CONVERSION = YES;
				CLANG_WARN_OBJC_ROOT_CLASS = YES_ERROR;
				CLANG_WARN_RANGE_LOOP_ANALYSIS = YES;
				CLANG_WARN_STRICT_PROTOTYPES = YES;
				CLANG_WARN_SUSPICIOUS_MOVE = YES;
				CLANG_WARN_UNGUARDED_AVAILABILITY = YES_AGGRESSIVE;
				CLANG_WARN_UNREACHABLE_CODE = YES;
				CLANG_WARN__DUPLICATE_METHOD_MATCH = YES;
				COPY_PHASE_STRIP = NO;
				DEBUG_INFORMATION_FORMAT = dwarf;
				ENABLE_STRICT_OBJC_MSGSEND = YES;
				ENABLE_TESTABILITY = YES;
				GCC_C_LANGUAGE_STANDARD = gnu11;
				GCC_DYNAMIC_NO_PIC = NO;
				GCC_NO_COMMON_BLOCKS = YES;
				GCC_OPTIMIZATION_LEVEL = 0;
				GCC_PREPROCESSOR_DEFINITIONS = (
					"$(inherited)",
					"DEBUG=1",
				);
				GCC_WARN_64_TO_32_BIT_CONVERSION = YES;
				GCC_WARN_ABOUT_RETURN_TYPE = YES_ERROR;
				GCC_WARN_UNDECLARED_SELECTOR = YES;
				GCC_WARN_UNINITIALIZED_AUTOS = YES_AGGRESSIVE;
				GCC_WARN_UNUSED_FUNCTION = YES;
				GCC_WARN_UNUSED_VARIABLE = YES;
				IPHONEOS_DEPLOYMENT_TARGET = 8.0;
				MACOSX_DEPLOYMENT_TARGET = 10.9;
				MTL_ENABLE_DEBUG_INFO = YES;
				ONLY_ACTIVE_ARCH = YES;
				PRODUCT_NAME = "$(TARGET_NAME)";
				SWIFT_ACTIVE_COMPILATION_CONDITIONS = DEBUG;
				SWIFT_OPTIMIZATION_LEVEL = "-Onone";
				SWIFT_VERSION = 4.2;
				TVOS_DEPLOYMENT_TARGET = 9.0;
				WATCHOS_DEPLOYMENT_TARGET = 2.0;
			};
			name = Debug;
		};
		E5A424632166CED5517D50E555EC754C /* Release */ = {
			isa = XCBuildConfiguration;
			buildSettings = {
				APPLICATION_EXTENSION_API_ONLY = YES;
				CODE_SIGN_IDENTITY = "";
				CURRENT_PROJECT_VERSION = 1;
				DEFINES_MODULE = YES;
				DYLIB_COMPATIBILITY_VERSION = 1;
				DYLIB_CURRENT_VERSION = 1;
				DYLIB_INSTALL_NAME_BASE = "@rpath";
				INFOPLIST_FILE = Info.plist;
				INSTALL_PATH = "$(LOCAL_LIBRARY_DIR)/Frameworks";
				LD_RUNPATH_SEARCH_PATHS = (
					"$(inherited)",
					"@executable_path/Frameworks",
				);
				PRODUCT_BUNDLE_IDENTIFIER = "co.pointfree.NonEmpty-tvOS";
				PRODUCT_NAME = NonEmpty;
				SDKROOT = appletvos;
				SKIP_INSTALL = YES;
				SWIFT_VERSION = 5.0;
				TARGETED_DEVICE_FAMILY = 3;
				VERSIONING_SYSTEM = "apple-generic";
			};
			name = Release;
		};
/* End XCBuildConfiguration section */

/* Begin XCConfigurationList section */
		133E85588F9F7ADF837FFFC8FBCA4469 /* Build configuration list for PBXNativeTarget "NonEmpty_iOS" */ = {
			isa = XCConfigurationList;
			buildConfigurations = (
				9BDEF1B703176DB7812D1F9A3749D680 /* Debug */,
				8B16DD9E12EA14018364FA00B7553913 /* Release */,
			);
			defaultConfigurationIsVisible = 0;
			defaultConfigurationName = "";
		};
		1E797369FA9596833D4C4C7243396525 /* Build configuration list for PBXNativeTarget "NonEmptyTests_macOS" */ = {
			isa = XCConfigurationList;
			buildConfigurations = (
				2D5728163B36E619E26B4018E2848B44 /* Debug */,
				84A5B1BB7361D46B200C128F33DB3A86 /* Release */,
			);
			defaultConfigurationIsVisible = 0;
			defaultConfigurationName = "";
		};
		3E88298859622F304909E60D8DA9CD2D /* Build configuration list for PBXNativeTarget "NonEmpty_macOS" */ = {
			isa = XCConfigurationList;
			buildConfigurations = (
				A80F2E0A851523581103D5578A94C070 /* Debug */,
				D3D58C75FD97D97559A1BAEC8E52AEF3 /* Release */,
			);
			defaultConfigurationIsVisible = 0;
			defaultConfigurationName = "";
		};
		55A1B1AD201D24771CC8865D8E6FB39A /* Build configuration list for PBXNativeTarget "NonEmptyTests_watchOS" */ = {
			isa = XCConfigurationList;
			buildConfigurations = (
				1E596AEEA7562A2C1510B57526112CB9 /* Debug */,
				0FFE400290E901F5AF15643BF1603AD9 /* Release */,
			);
			defaultConfigurationIsVisible = 0;
			defaultConfigurationName = "";
		};
		5FF519B92266F926495B4E44424DF62B /* Build configuration list for PBXNativeTarget "NonEmpty_watchOS" */ = {
			isa = XCConfigurationList;
			buildConfigurations = (
				9D5E15BE3968FD57DFE4AD253678CF71 /* Debug */,
				27F824037539FF80D60EF49F56692488 /* Release */,
			);
			defaultConfigurationIsVisible = 0;
			defaultConfigurationName = "";
		};
		868526A962D5749596F81ACE7F9EC226 /* Build configuration list for PBXNativeTarget "NonEmptyTests_tvOS" */ = {
			isa = XCConfigurationList;
			buildConfigurations = (
				C7C5EE0381BF50782139BA279ECD8D7F /* Debug */,
				947D1FC8FC686A9065CCB7D1100CBE56 /* Release */,
			);
			defaultConfigurationIsVisible = 0;
			defaultConfigurationName = "";
		};
		B0F5ABB09ED3E0071208B0C776DB2BDF /* Build configuration list for PBXNativeTarget "NonEmptyTests_iOS" */ = {
			isa = XCConfigurationList;
			buildConfigurations = (
				4441A70E6E40426DEE7E8D767307873A /* Debug */,
				CBCF508C70F5B26E0A73291CDA540C51 /* Release */,
			);
			defaultConfigurationIsVisible = 0;
			defaultConfigurationName = "";
		};
		BB63D8EFE9B466FF04069FF04E3CD929 /* Build configuration list for PBXNativeTarget "NonEmpty_tvOS" */ = {
			isa = XCConfigurationList;
			buildConfigurations = (
				C72F389261C57FDBE8D9166531157007 /* Debug */,
				E5A424632166CED5517D50E555EC754C /* Release */,
			);
			defaultConfigurationIsVisible = 0;
			defaultConfigurationName = "";
		};
		F867F429F58B295FE2AFCDA5218388DF /* Build configuration list for PBXProject "NonEmpty" */ = {
			isa = XCConfigurationList;
			buildConfigurations = (
				E1EE3BF3AFDD5A64BA852D14ACB30D5F /* Debug */,
				936F3E7FFDD8C9F8739A1EFA6EF230FA /* Release */,
			);
			defaultConfigurationIsVisible = 0;
			defaultConfigurationName = Debug;
		};
/* End XCConfigurationList section */
	};
	rootObject = A9D2D1B9E639981E96D00478430B1D4B /* Project object */;
}
