<?xml version="1.0" encoding="UTF-8"?>
<Scheme
   LastUpgradeVersion = "1020"
   version = "1.3">
   <BuildAction
      parallelizeBuildables = "YES"
      buildImplicitDependencies = "YES">
      <BuildActionEntries>
         <BuildActionEntry
            buildForTesting = "YES"
            buildForRunning = "YES"
            buildForProfiling = "YES"
            buildForArchiving = "YES"
            buildForAnalyzing = "YES">
            <BuildableReference
               BuildableIdentifier = "primary"
               BlueprintIdentifier = "FBDC06202487376A032752DE"
               BuildableName = "NonEmpty.framework"
               BlueprintName = "NonEmpty_tvOS"
               ReferencedContainer = "container:NonEmpty.xcodeproj">
            </BuildableReference>
         </BuildActionEntry>
      </BuildActionEntries>
   </BuildAction>
   <TestAction
      buildConfiguration = "Debug"
      selectedDebuggerIdentifier = "Xcode.DebuggerFoundation.Debugger.LLDB"
      selectedLauncherIdentifier = "Xcode.DebuggerFoundation.Launcher.LLDB"
      shouldUseLaunchSchemeArgsEnv = "YES">
      <Testables>
         <TestableReference
            skipped = "NO">
            <BuildableReference
               BuildableIdentifier = "primary"
               BlueprintIdentifier = "A81003E322A50A7B67250E95"
               BuildableName = "NonEmptyTests.xctest"
               BlueprintName = "NonEmptyTests_tvOS"
               ReferencedContainer = "container:NonEmpty.xcodeproj">
            </BuildableReference>
         </TestableReference>
      </Testables>
      <MacroExpansion>
         <BuildableReference
            BuildableIdentifier = "primary"
            BlueprintIdentifier = "FBDC06202487376A032752DE"
            BuildableName = "NonEmpty.framework"
            BlueprintName = "NonEmpty_tvOS"
            ReferencedContainer = "container:NonEmpty.xcodeproj">
         </BuildableReference>
      </MacroExpansion>
      <CommandLineArguments>
      </CommandLineArguments>
      <AdditionalOptions>
      </AdditionalOptions>
      <CodeCoverageTargets>
      </CodeCoverageTargets>
   </TestAction>
   <LaunchAction
      buildConfiguration = "Debug"
      selectedDebuggerIdentifier = "Xcode.DebuggerFoundation.Debugger.LLDB"
      selectedLauncherIdentifier = "Xcode.DebuggerFoundation.Launcher.LLDB"
      launchStyle = "0"
      useCustomWorkingDirectory = "NO"
      ignoresPersistentStateOnLaunch = "NO"
      debugDocumentVersioning = "YES"
      debugServiceExtension = "internal"
      allowLocationSimulation = "YES">
      <MacroExpansion>
         <BuildableReference
            BuildableIdentifier = "primary"
            BlueprintIdentifier = "FBDC06202487376A032752DE"
            BuildableName = "NonEmpty.framework"
            BlueprintName = "NonEmpty_tvOS"
            ReferencedContainer = "container:NonEmpty.xcodeproj">
         </BuildableReference>
      </MacroExpansion>
      <CommandLineArguments>
      </CommandLineArguments>
      <AdditionalOptions>
      </AdditionalOptions>
   </LaunchAction>
   <ProfileAction
      buildConfiguration = "Release"
      shouldUseLaunchSchemeArgsEnv = "YES"
      savedToolIdentifier = ""
      useCustomWorkingDirectory = "NO"
      debugDocumentVersioning = "YES">
      <BuildableProductRunnable
         runnableDebuggingMode = "0">
         <BuildableReference
            BuildableIdentifier = "primary"
            BlueprintIdentifier = "FBDC06202487376A032752DE"
            BuildableName = "NonEmpty.framework"
            BlueprintName = "NonEmpty_tvOS"
            ReferencedContainer = "container:NonEmpty.xcodeproj">
         </BuildableReference>
      </BuildableProductRunnable>
      <CommandLineArguments>
      </CommandLineArguments>
   </ProfileAction>
   <AnalyzeAction
      buildConfiguration = "Debug">
   </AnalyzeAction>
   <ArchiveAction
      buildConfiguration = "Release"
      revealArchiveInOrganizer = "YES">
   </ArchiveAction>
</Scheme>
